
Microsoft Visual Studio Solution File, Format Version 12.00
# Visual Studio Version 17
VisualStudioVersion = 17.4.33213.308
MinimumVisualStudioVersion = 10.0.40219.1
Project("{FAE04EC0-301F-11D3-BF4B-00C04F79EFBC}") = "spaceRaceGame", "spaceRaceGame\spaceRaceGame.csproj", "{772AC53A-203D-4261-9E26-7DFF5B7CFE2A}"
EndProject
Global
	GlobalSection(SolutionConfigurationPlatforms) = preSolution
		Debug|Any CPU = Debug|Any CPU
		Release|Any CPU = Release|Any CPU
	EndGlobalSection
	GlobalSection(ProjectConfigurationPlatforms) = postSolution
		{772AC53A-203D-4261-9E26-7DFF5B7CFE2A}.Debug|Any CPU.ActiveCfg = Debug|Any CPU
		{772AC53A-203D-4261-9E26-7DFF5B7CFE2A}.Debug|Any CPU.Build.0 = Debug|Any CPU
		{772AC53A-203D-4261-9E26-7DFF5B7CFE2A}.Release|Any CPU.ActiveCfg = Release|Any CPU
		{772AC53A-203D-4261-9E26-7DFF5B7CFE2A}.Release|Any CPU.Build.0 = Release|Any CPU
	EndGlobalSection
	GlobalSection(SolutionProperties) = preSolution
		HideSolutionNode = FALSE
	EndGlobalSection
	GlobalSection(ExtensibilityGlobals) = postSolution
		SolutionGuid = {68C6775F-BBB7-4545-9D9B-4F43E85493E6}
	EndGlobalSection
EndGlobal
